// !$*UTF8*$!
{
	archiveVersion = 1;
	classes = {
	};
	objectVersion = 55;
	objects = {

/* Begin PBXBuildFile section */
		AD1ABAB22831907B00B3E448 /* AppDelegate.swift in Sources */ = {isa = PBXBuildFile; fileRef = AD1ABAB12831907B00B3E448 /* AppDelegate.swift */; };
		AD1ABAB42831907B00B3E448 /* SceneDelegate.swift in Sources */ = {isa = PBXBuildFile; fileRef = AD1ABAB32831907B00B3E448 /* SceneDelegate.swift */; };
		AD1ABAB62831907B00B3E448 /* MovieQuizViewController.swift in Sources */ = {isa = PBXBuildFile; fileRef = AD1ABAB52831907B00B3E448 /* MovieQuizViewController.swift */; };
		AD1ABAB92831907B00B3E448 /* Main.storyboard in Resources */ = {isa = PBXBuildFile; fileRef = AD1ABAB72831907B00B3E448 /* Main.storyboard */; };
		AD1ABABB2831907F00B3E448 /* Assets.xcassets in Resources */ = {isa = PBXBuildFile; fileRef = AD1ABABA2831907F00B3E448 /* Assets.xcassets */; };
		AD1ABABE2831907F00B3E448 /* LaunchScreen.storyboard in Resources */ = {isa = PBXBuildFile; fileRef = AD1ABABC2831907F00B3E448 /* LaunchScreen.storyboard */; };
		AD5EE5DE284D7887003966EF /* UIColor+Extensions.swift in Sources */ = {isa = PBXBuildFile; fileRef = AD5EE5DD284D7887003966EF /* UIColor+Extensions.swift */; };
		AD77F5742857F8810062FB14 /* Date+Extensions.swift in Sources */ = {isa = PBXBuildFile; fileRef = AD77F5732857F8810062FB14 /* Date+Extensions.swift */; };
		AD7AFA552836189F00399704 /* Array+Extensions.swift in Sources */ = {isa = PBXBuildFile; fileRef = AD7AFA542836189F00399704 /* Array+Extensions.swift */; };
		C0138CA02A978A1A00F5ACF0 /* UIImageView+setBorder.swift in Sources */ = {isa = PBXBuildFile; fileRef = C0138C9F2A978A1A00F5ACF0 /* UIImageView+setBorder.swift */; };
		C0769A4C2A9DBF7A00CB8A9F /* StatisticService.swift in Sources */ = {isa = PBXBuildFile; fileRef = C0769A4B2A9DBF7A00CB8A9F /* StatisticService.swift */; };
		C0769A502A9F3C0A00CB8A9F /* BestGame.swift in Sources */ = {isa = PBXBuildFile; fileRef = C0769A4F2A9F3C0A00CB8A9F /* BestGame.swift */; };
		C0769A522A9F6D9700CB8A9F /* DateFormatter+extension.swift in Sources */ = {isa = PBXBuildFile; fileRef = C0769A512A9F6D9700CB8A9F /* DateFormatter+extension.swift */; };
		C07D4DA22A99176200A79134 /* YS Display-Medium.ttf in Resources */ = {isa = PBXBuildFile; fileRef = C07D4DA12A99176200A79134 /* YS Display-Medium.ttf */; };
		C07D4DA42A99176E00A79134 /* YS Display-Bold.ttf in Resources */ = {isa = PBXBuildFile; fileRef = C07D4DA32A99176E00A79134 /* YS Display-Bold.ttf */; };
		C08D254D2A9A503900578E6E /* QuestionFactory.swift in Sources */ = {isa = PBXBuildFile; fileRef = C08D254C2A9A503900578E6E /* QuestionFactory.swift */; };
		C08D25502A9A692A00578E6E /* QuizStepViewModel.swift in Sources */ = {isa = PBXBuildFile; fileRef = C08D254F2A9A692A00578E6E /* QuizStepViewModel.swift */; };
		C08D25522A9A695300578E6E /* QuizResultsViewModel.swift in Sources */ = {isa = PBXBuildFile; fileRef = C08D25512A9A695300578E6E /* QuizResultsViewModel.swift */; };
		C08D25542A9A697800578E6E /* QuizQuestion.swift in Sources */ = {isa = PBXBuildFile; fileRef = C08D25532A9A697800578E6E /* QuizQuestion.swift */; };
		C08D25562A9B7D2700578E6E /* QuestionFactoryProtocol.swift in Sources */ = {isa = PBXBuildFile; fileRef = C08D25552A9B7D2700578E6E /* QuestionFactoryProtocol.swift */; };
		C08D25582A9B8C7C00578E6E /* QuestionFactoryDelegate.swift in Sources */ = {isa = PBXBuildFile; fileRef = C08D25572A9B8C7C00578E6E /* QuestionFactoryDelegate.swift */; };
		C08D255A2A9BC30D00578E6E /* AlertPresenter.swift in Sources */ = {isa = PBXBuildFile; fileRef = C08D25592A9BC30D00578E6E /* AlertPresenter.swift */; };
		C08D255C2A9BC33300578E6E /* AlertModel.swift in Sources */ = {isa = PBXBuildFile; fileRef = C08D255B2A9BC33300578E6E /* AlertModel.swift */; };
		C0B351242A88F7030061DD7C /* UIButton+setButton.swift in Sources */ = {isa = PBXBuildFile; fileRef = C0B351232A88F7030061DD7C /* UIButton+setButton.swift */; };
		C0B351262A88F85E0061DD7C /* Settings.swift in Sources */ = {isa = PBXBuildFile; fileRef = C0B351252A88F85E0061DD7C /* Settings.swift */; };
		C0B351282A8932EA0061DD7C /* UILabel+setLabel.swift in Sources */ = {isa = PBXBuildFile; fileRef = C0B351272A8932EA0061DD7C /* UILabel+setLabel.swift */; };
		C0BAA5682ACF087A00CD9389 /* ArrayTests.swift in Sources */ = {isa = PBXBuildFile; fileRef = C0BAA5672ACF087A00CD9389 /* ArrayTests.swift */; };
		C0BAA56A2ACF0D9F00CD9389 /* NetworkRoutingProtocol.swift in Sources */ = {isa = PBXBuildFile; fileRef = C0BAA5692ACF0D9F00CD9389 /* NetworkRoutingProtocol.swift */; };
		C0BAA56C2ACF108D00CD9389 /* MoviesLoaderTests.swift in Sources */ = {isa = PBXBuildFile; fileRef = C0BAA56B2ACF108D00CD9389 /* MoviesLoaderTests.swift */; };
		C0BAA5742AD1AF9D00CD9389 /* MovieQuizUITests.swift in Sources */ = {isa = PBXBuildFile; fileRef = C0BAA5732AD1AF9D00CD9389 /* MovieQuizUITests.swift */; };
		C0BAA57D2AD2948400CD9389 /* MovieQuizPresenter.swift in Sources */ = {isa = PBXBuildFile; fileRef = C0BAA57C2AD2948400CD9389 /* MovieQuizPresenter.swift */; };
		C0BAA57F2AD2CA1400CD9389 /* MovieQuizPresenterTests.swift in Sources */ = {isa = PBXBuildFile; fileRef = C0BAA57E2AD2CA1400CD9389 /* MovieQuizPresenterTests.swift */; };
		C0D433092AA1E1D4002B1AFF /* NetworkClient.swift in Sources */ = {isa = PBXBuildFile; fileRef = C0D433082AA1E1D4002B1AFF /* NetworkClient.swift */; };
		C0D4330B2AA1EE30002B1AFF /* MostPopularMovies.swift in Sources */ = {isa = PBXBuildFile; fileRef = C0D4330A2AA1EE30002B1AFF /* MostPopularMovies.swift */; };
		C0D4330D2AA1EFEA002B1AFF /* MoviesLoader.swift in Sources */ = {isa = PBXBuildFile; fileRef = C0D4330C2AA1EFEA002B1AFF /* MoviesLoader.swift */; };
/* End PBXBuildFile section */

/* Begin PBXContainerItemProxy section */
		C0456F022ACEF3F10034CD04 /* PBXContainerItemProxy */ = {
			isa = PBXContainerItemProxy;
			containerPortal = AD1ABAA62831907B00B3E448 /* Project object */;
			proxyType = 1;
			remoteGlobalIDString = AD1ABAAD2831907B00B3E448;
			remoteInfo = MovieQuiz;
		};
		C0BAA5772AD1AF9D00CD9389 /* PBXContainerItemProxy */ = {
			isa = PBXContainerItemProxy;
			containerPortal = AD1ABAA62831907B00B3E448 /* Project object */;
			proxyType = 1;
			remoteGlobalIDString = AD1ABAAD2831907B00B3E448;
			remoteInfo = MovieQuiz;
		};
/* End PBXContainerItemProxy section */

/* Begin PBXFileReference section */
		AD1ABAAE2831907B00B3E448 /* MovieQuiz.app */ = {isa = PBXFileReference; explicitFileType = wrapper.application; includeInIndex = 0; path = MovieQuiz.app; sourceTree = BUILT_PRODUCTS_DIR; };
		AD1ABAB12831907B00B3E448 /* AppDelegate.swift */ = {isa = PBXFileReference; lastKnownFileType = sourcecode.swift; path = AppDelegate.swift; sourceTree = "<group>"; };
		AD1ABAB32831907B00B3E448 /* SceneDelegate.swift */ = {isa = PBXFileReference; lastKnownFileType = sourcecode.swift; path = SceneDelegate.swift; sourceTree = "<group>"; };
		AD1ABAB52831907B00B3E448 /* MovieQuizViewController.swift */ = {isa = PBXFileReference; lastKnownFileType = sourcecode.swift; path = MovieQuizViewController.swift; sourceTree = "<group>"; };
		AD1ABAB82831907B00B3E448 /* Base */ = {isa = PBXFileReference; lastKnownFileType = file.storyboard; name = Base; path = Base.lproj/Main.storyboard; sourceTree = "<group>"; };
		AD1ABABA2831907F00B3E448 /* Assets.xcassets */ = {isa = PBXFileReference; lastKnownFileType = folder.assetcatalog; path = Assets.xcassets; sourceTree = "<group>"; };
		AD1ABABD2831907F00B3E448 /* Base */ = {isa = PBXFileReference; lastKnownFileType = file.storyboard; name = Base; path = Base.lproj/LaunchScreen.storyboard; sourceTree = "<group>"; };
		AD1ABABF2831907F00B3E448 /* Info.plist */ = {isa = PBXFileReference; lastKnownFileType = text.plist.xml; path = Info.plist; sourceTree = "<group>"; };
		AD5EE5DD284D7887003966EF /* UIColor+Extensions.swift */ = {isa = PBXFileReference; fileEncoding = 4; lastKnownFileType = sourcecode.swift; path = "UIColor+Extensions.swift"; sourceTree = "<group>"; };
		AD77F5732857F8810062FB14 /* Date+Extensions.swift */ = {isa = PBXFileReference; lastKnownFileType = sourcecode.swift; path = "Date+Extensions.swift"; sourceTree = "<group>"; };
		AD7AFA542836189F00399704 /* Array+Extensions.swift */ = {isa = PBXFileReference; lastKnownFileType = sourcecode.swift; path = "Array+Extensions.swift"; sourceTree = "<group>"; };
		C0138C9F2A978A1A00F5ACF0 /* UIImageView+setBorder.swift */ = {isa = PBXFileReference; lastKnownFileType = sourcecode.swift; path = "UIImageView+setBorder.swift"; sourceTree = "<group>"; };
		C0456EFE2ACEF3F10034CD04 /* MovieQuizTests.xctest */ = {isa = PBXFileReference; explicitFileType = wrapper.cfbundle; includeInIndex = 0; path = MovieQuizTests.xctest; sourceTree = BUILT_PRODUCTS_DIR; };
		C04E15B92ACEF95E008E711F /* MovieQuiz.xctestplan */ = {isa = PBXFileReference; lastKnownFileType = text; path = MovieQuiz.xctestplan; sourceTree = "<group>"; };
		C0769A4B2A9DBF7A00CB8A9F /* StatisticService.swift */ = {isa = PBXFileReference; lastKnownFileType = sourcecode.swift; path = StatisticService.swift; sourceTree = "<group>"; };
		C0769A4F2A9F3C0A00CB8A9F /* BestGame.swift */ = {isa = PBXFileReference; lastKnownFileType = sourcecode.swift; path = BestGame.swift; sourceTree = "<group>"; };
		C0769A512A9F6D9700CB8A9F /* DateFormatter+extension.swift */ = {isa = PBXFileReference; lastKnownFileType = sourcecode.swift; path = "DateFormatter+extension.swift"; sourceTree = "<group>"; };
		C07D4DA12A99176200A79134 /* YS Display-Medium.ttf */ = {isa = PBXFileReference; lastKnownFileType = file; path = "YS Display-Medium.ttf"; sourceTree = "<group>"; };
		C07D4DA32A99176E00A79134 /* YS Display-Bold.ttf */ = {isa = PBXFileReference; lastKnownFileType = file; path = "YS Display-Bold.ttf"; sourceTree = "<group>"; };
		C08D254C2A9A503900578E6E /* QuestionFactory.swift */ = {isa = PBXFileReference; lastKnownFileType = sourcecode.swift; path = QuestionFactory.swift; sourceTree = "<group>"; };
		C08D254F2A9A692A00578E6E /* QuizStepViewModel.swift */ = {isa = PBXFileReference; lastKnownFileType = sourcecode.swift; path = QuizStepViewModel.swift; sourceTree = "<group>"; };
		C08D25512A9A695300578E6E /* QuizResultsViewModel.swift */ = {isa = PBXFileReference; lastKnownFileType = sourcecode.swift; path = QuizResultsViewModel.swift; sourceTree = "<group>"; };
		C08D25532A9A697800578E6E /* QuizQuestion.swift */ = {isa = PBXFileReference; lastKnownFileType = sourcecode.swift; path = QuizQuestion.swift; sourceTree = "<group>"; };
		C08D25552A9B7D2700578E6E /* QuestionFactoryProtocol.swift */ = {isa = PBXFileReference; lastKnownFileType = sourcecode.swift; path = QuestionFactoryProtocol.swift; sourceTree = "<group>"; };
		C08D25572A9B8C7C00578E6E /* QuestionFactoryDelegate.swift */ = {isa = PBXFileReference; lastKnownFileType = sourcecode.swift; path = QuestionFactoryDelegate.swift; sourceTree = "<group>"; };
		C08D25592A9BC30D00578E6E /* AlertPresenter.swift */ = {isa = PBXFileReference; lastKnownFileType = sourcecode.swift; path = AlertPresenter.swift; sourceTree = "<group>"; };
		C08D255B2A9BC33300578E6E /* AlertModel.swift */ = {isa = PBXFileReference; lastKnownFileType = sourcecode.swift; path = AlertModel.swift; sourceTree = "<group>"; };
		C0B351232A88F7030061DD7C /* UIButton+setButton.swift */ = {isa = PBXFileReference; lastKnownFileType = sourcecode.swift; path = "UIButton+setButton.swift"; sourceTree = "<group>"; };
		C0B351252A88F85E0061DD7C /* Settings.swift */ = {isa = PBXFileReference; lastKnownFileType = sourcecode.swift; path = Settings.swift; sourceTree = "<group>"; };
		C0B351272A8932EA0061DD7C /* UILabel+setLabel.swift */ = {isa = PBXFileReference; lastKnownFileType = sourcecode.swift; path = "UILabel+setLabel.swift"; sourceTree = "<group>"; };
		C0BAA5672ACF087A00CD9389 /* ArrayTests.swift */ = {isa = PBXFileReference; lastKnownFileType = sourcecode.swift; path = ArrayTests.swift; sourceTree = "<group>"; };
		C0BAA5692ACF0D9F00CD9389 /* NetworkRoutingProtocol.swift */ = {isa = PBXFileReference; lastKnownFileType = sourcecode.swift; path = NetworkRoutingProtocol.swift; sourceTree = "<group>"; };
		C0BAA56B2ACF108D00CD9389 /* MoviesLoaderTests.swift */ = {isa = PBXFileReference; lastKnownFileType = sourcecode.swift; path = MoviesLoaderTests.swift; sourceTree = "<group>"; };
		C0BAA5712AD1AF9D00CD9389 /* MovieQuizUITests.xctest */ = {isa = PBXFileReference; explicitFileType = wrapper.cfbundle; includeInIndex = 0; path = MovieQuizUITests.xctest; sourceTree = BUILT_PRODUCTS_DIR; };
		C0BAA5732AD1AF9D00CD9389 /* MovieQuizUITests.swift */ = {isa = PBXFileReference; lastKnownFileType = sourcecode.swift; path = MovieQuizUITests.swift; sourceTree = "<group>"; };
		C0BAA57C2AD2948400CD9389 /* MovieQuizPresenter.swift */ = {isa = PBXFileReference; lastKnownFileType = sourcecode.swift; path = MovieQuizPresenter.swift; sourceTree = "<group>"; };
		C0BAA57E2AD2CA1400CD9389 /* MovieQuizPresenterTests.swift */ = {isa = PBXFileReference; lastKnownFileType = sourcecode.swift; path = MovieQuizPresenterTests.swift; sourceTree = "<group>"; };
		C0D433082AA1E1D4002B1AFF /* NetworkClient.swift */ = {isa = PBXFileReference; lastKnownFileType = sourcecode.swift; path = NetworkClient.swift; sourceTree = "<group>"; };
		C0D4330A2AA1EE30002B1AFF /* MostPopularMovies.swift */ = {isa = PBXFileReference; lastKnownFileType = sourcecode.swift; path = MostPopularMovies.swift; sourceTree = "<group>"; };
		C0D4330C2AA1EFEA002B1AFF /* MoviesLoader.swift */ = {isa = PBXFileReference; lastKnownFileType = sourcecode.swift; path = MoviesLoader.swift; sourceTree = "<group>"; };
/* End PBXFileReference section */

/* Begin PBXFrameworksBuildPhase section */
		AD1ABAAB2831907B00B3E448 /* Frameworks */ = {
			isa = PBXFrameworksBuildPhase;
			buildActionMask = 2147483647;
			files = (
			);
			runOnlyForDeploymentPostprocessing = 0;
		};
		C0456EFB2ACEF3F10034CD04 /* Frameworks */ = {
			isa = PBXFrameworksBuildPhase;
			buildActionMask = 2147483647;
			files = (
			);
			runOnlyForDeploymentPostprocessing = 0;
		};
		C0BAA56E2AD1AF9D00CD9389 /* Frameworks */ = {
			isa = PBXFrameworksBuildPhase;
			buildActionMask = 2147483647;
			files = (
			);
			runOnlyForDeploymentPostprocessing = 0;
		};
/* End PBXFrameworksBuildPhase section */

/* Begin PBXGroup section */
		8F4738322848DE2A005DF65E /* Presentation */ = {
			isa = PBXGroup;
			children = (
				AD1ABAB52831907B00B3E448 /* MovieQuizViewController.swift */,
				AD1ABAB72831907B00B3E448 /* Main.storyboard */,
				C08D25592A9BC30D00578E6E /* AlertPresenter.swift */,
				C0BAA57C2AD2948400CD9389 /* MovieQuizPresenter.swift */,
			);
			path = Presentation;
			sourceTree = "<group>";
		};
		8F4738332848DE46005DF65E /* Resources */ = {
			isa = PBXGroup;
			children = (
				C053DA3E2A87B0E300804C5C /* Fonts */,
				AD1ABABC2831907F00B3E448 /* LaunchScreen.storyboard */,
				AD1ABABA2831907F00B3E448 /* Assets.xcassets */,
				AD1ABABF2831907F00B3E448 /* Info.plist */,
			);
			path = Resources;
			sourceTree = "<group>";
		};
		AD1ABAA52831907B00B3E448 = {
			isa = PBXGroup;
			children = (
				C04E15B92ACEF95E008E711F /* MovieQuiz.xctestplan */,
				AD1ABAB02831907B00B3E448 /* MovieQuiz */,
				C0456EFF2ACEF3F10034CD04 /* MovieQuizTests */,
				C0BAA5722AD1AF9D00CD9389 /* MovieQuizUITests */,
				AD1ABAAF2831907B00B3E448 /* Products */,
			);
			sourceTree = "<group>";
		};
		AD1ABAAF2831907B00B3E448 /* Products */ = {
			isa = PBXGroup;
			children = (
				AD1ABAAE2831907B00B3E448 /* MovieQuiz.app */,
				C0456EFE2ACEF3F10034CD04 /* MovieQuizTests.xctest */,
				C0BAA5712AD1AF9D00CD9389 /* MovieQuizUITests.xctest */,
			);
			name = Products;
			sourceTree = "<group>";
		};
		AD1ABAB02831907B00B3E448 /* MovieQuiz */ = {
			isa = PBXGroup;
			children = (
				C08D254E2A9A68F000578E6E /* Models */,
				C08D254B2A9A501200578E6E /* Services */,
				8F4738322848DE2A005DF65E /* Presentation */,
				ADF0CF75283FDAA10075F54D /* Helpers */,
				8F4738332848DE46005DF65E /* Resources */,
				AD1ABAB12831907B00B3E448 /* AppDelegate.swift */,
				AD1ABAB32831907B00B3E448 /* SceneDelegate.swift */,
			);
			path = MovieQuiz;
			sourceTree = "<group>";
		};
		ADF0CF75283FDAA10075F54D /* Helpers */ = {
			isa = PBXGroup;
			children = (
				AD5EE5DD284D7887003966EF /* UIColor+Extensions.swift */,
				AD7AFA542836189F00399704 /* Array+Extensions.swift */,
				AD77F5732857F8810062FB14 /* Date+Extensions.swift */,
				C0B351232A88F7030061DD7C /* UIButton+setButton.swift */,
				C0B351252A88F85E0061DD7C /* Settings.swift */,
				C0B351272A8932EA0061DD7C /* UILabel+setLabel.swift */,
				C0138C9F2A978A1A00F5ACF0 /* UIImageView+setBorder.swift */,
				C0769A512A9F6D9700CB8A9F /* DateFormatter+extension.swift */,
			);
			path = Helpers;
			sourceTree = "<group>";
		};
		C0456EFF2ACEF3F10034CD04 /* MovieQuizTests */ = {
			isa = PBXGroup;
			children = (
				C0BAA5672ACF087A00CD9389 /* ArrayTests.swift */,
				C0BAA56B2ACF108D00CD9389 /* MoviesLoaderTests.swift */,
				C0BAA57E2AD2CA1400CD9389 /* MovieQuizPresenterTests.swift */,
			);
			path = MovieQuizTests;
			sourceTree = "<group>";
		};
		C053DA3E2A87B0E300804C5C /* Fonts */ = {
			isa = PBXGroup;
			children = (
				C07D4DA32A99176E00A79134 /* YS Display-Bold.ttf */,
				C07D4DA12A99176200A79134 /* YS Display-Medium.ttf */,
			);
			path = Fonts;
			sourceTree = "<group>";
		};
		C08D254B2A9A501200578E6E /* Services */ = {
			isa = PBXGroup;
			children = (
				C08D254C2A9A503900578E6E /* QuestionFactory.swift */,
				C08D25552A9B7D2700578E6E /* QuestionFactoryProtocol.swift */,
				C08D25572A9B8C7C00578E6E /* QuestionFactoryDelegate.swift */,
				C0769A4B2A9DBF7A00CB8A9F /* StatisticService.swift */,
				C0D433082AA1E1D4002B1AFF /* NetworkClient.swift */,
				C0D4330C2AA1EFEA002B1AFF /* MoviesLoader.swift */,
				C0BAA5692ACF0D9F00CD9389 /* NetworkRoutingProtocol.swift */,
			);
			path = Services;
			sourceTree = "<group>";
		};
		C08D254E2A9A68F000578E6E /* Models */ = {
			isa = PBXGroup;
			children = (
				C08D254F2A9A692A00578E6E /* QuizStepViewModel.swift */,
				C08D25512A9A695300578E6E /* QuizResultsViewModel.swift */,
				C08D25532A9A697800578E6E /* QuizQuestion.swift */,
				C08D255B2A9BC33300578E6E /* AlertModel.swift */,
				C0769A4F2A9F3C0A00CB8A9F /* BestGame.swift */,
				C0D4330A2AA1EE30002B1AFF /* MostPopularMovies.swift */,
			);
			path = Models;
			sourceTree = "<group>";
		};
		C0BAA5722AD1AF9D00CD9389 /* MovieQuizUITests */ = {
			isa = PBXGroup;
			children = (
				C0BAA5732AD1AF9D00CD9389 /* MovieQuizUITests.swift */,
			);
			path = MovieQuizUITests;
			sourceTree = "<group>";
		};
/* End PBXGroup section */

/* Begin PBXNativeTarget section */
		AD1ABAAD2831907B00B3E448 /* MovieQuiz */ = {
			isa = PBXNativeTarget;
			buildConfigurationList = AD1ABAC22831907F00B3E448 /* Build configuration list for PBXNativeTarget "MovieQuiz" */;
			buildPhases = (
				AD1ABAAA2831907B00B3E448 /* Sources */,
				AD1ABAAB2831907B00B3E448 /* Frameworks */,
				AD1ABAAC2831907B00B3E448 /* Resources */,
			);
			buildRules = (
			);
			dependencies = (
			);
			name = MovieQuiz;
			productName = MovieQuiz;
			productReference = AD1ABAAE2831907B00B3E448 /* MovieQuiz.app */;
			productType = "com.apple.product-type.application";
		};
		C0456EFD2ACEF3F10034CD04 /* MovieQuizTests */ = {
			isa = PBXNativeTarget;
			buildConfigurationList = C0456F042ACEF3F10034CD04 /* Build configuration list for PBXNativeTarget "MovieQuizTests" */;
			buildPhases = (
				C0456EFA2ACEF3F10034CD04 /* Sources */,
				C0456EFB2ACEF3F10034CD04 /* Frameworks */,
				C0456EFC2ACEF3F10034CD04 /* Resources */,
			);
			buildRules = (
			);
			dependencies = (
				C0456F032ACEF3F10034CD04 /* PBXTargetDependency */,
			);
			name = MovieQuizTests;
			productName = MovieQuizTests;
			productReference = C0456EFE2ACEF3F10034CD04 /* MovieQuizTests.xctest */;
			productType = "com.apple.product-type.bundle.unit-test";
		};
		C0BAA5702AD1AF9D00CD9389 /* MovieQuizUITests */ = {
			isa = PBXNativeTarget;
			buildConfigurationList = C0BAA5792AD1AF9D00CD9389 /* Build configuration list for PBXNativeTarget "MovieQuizUITests" */;
			buildPhases = (
				C0BAA56D2AD1AF9D00CD9389 /* Sources */,
				C0BAA56E2AD1AF9D00CD9389 /* Frameworks */,
				C0BAA56F2AD1AF9D00CD9389 /* Resources */,
			);
			buildRules = (
			);
			dependencies = (
				C0BAA5782AD1AF9D00CD9389 /* PBXTargetDependency */,
			);
			name = MovieQuizUITests;
			productName = MovieQuizUITests;
			productReference = C0BAA5712AD1AF9D00CD9389 /* MovieQuizUITests.xctest */;
			productType = "com.apple.product-type.bundle.ui-testing";
		};
/* End PBXNativeTarget section */

/* Begin PBXProject section */
		AD1ABAA62831907B00B3E448 /* Project object */ = {
			isa = PBXProject;
			attributes = {
				BuildIndependentTargetsInParallel = 1;
				LastSwiftUpdateCheck = 1430;
				LastUpgradeCheck = 1330;
				ORGANIZATIONNAME = "";
				TargetAttributes = {
					AD1ABAAD2831907B00B3E448 = {
						CreatedOnToolsVersion = 13.3.1;
					};
					C0456EFD2ACEF3F10034CD04 = {
						CreatedOnToolsVersion = 14.3.1;
						LastSwiftMigration = 1430;
						TestTargetID = AD1ABAAD2831907B00B3E448;
					};
					C0BAA5702AD1AF9D00CD9389 = {
						CreatedOnToolsVersion = 14.3.1;
						TestTargetID = AD1ABAAD2831907B00B3E448;
					};
				};
			};
			buildConfigurationList = AD1ABAA92831907B00B3E448 /* Build configuration list for PBXProject "MovieQuiz" */;
			compatibilityVersion = "Xcode 13.0";
			developmentRegion = en;
			hasScannedForEncodings = 0;
			knownRegions = (
				en,
				Base,
			);
			mainGroup = AD1ABAA52831907B00B3E448;
			productRefGroup = AD1ABAAF2831907B00B3E448 /* Products */;
			projectDirPath = "";
			projectRoot = "";
			targets = (
				AD1ABAAD2831907B00B3E448 /* MovieQuiz */,
				C0456EFD2ACEF3F10034CD04 /* MovieQuizTests */,
				C0BAA5702AD1AF9D00CD9389 /* MovieQuizUITests */,
			);
		};
/* End PBXProject section */

/* Begin PBXResourcesBuildPhase section */
		AD1ABAAC2831907B00B3E448 /* Resources */ = {
			isa = PBXResourcesBuildPhase;
			buildActionMask = 2147483647;
			files = (
				AD1ABABE2831907F00B3E448 /* LaunchScreen.storyboard in Resources */,
				C07D4DA22A99176200A79134 /* YS Display-Medium.ttf in Resources */,
				C07D4DA42A99176E00A79134 /* YS Display-Bold.ttf in Resources */,
				AD1ABABB2831907F00B3E448 /* Assets.xcassets in Resources */,
				AD1ABAB92831907B00B3E448 /* Main.storyboard in Resources */,
			);
			runOnlyForDeploymentPostprocessing = 0;
		};
		C0456EFC2ACEF3F10034CD04 /* Resources */ = {
			isa = PBXResourcesBuildPhase;
			buildActionMask = 2147483647;
			files = (
			);
			runOnlyForDeploymentPostprocessing = 0;
		};
		C0BAA56F2AD1AF9D00CD9389 /* Resources */ = {
			isa = PBXResourcesBuildPhase;
			buildActionMask = 2147483647;
			files = (
			);
			runOnlyForDeploymentPostprocessing = 0;
		};
/* End PBXResourcesBuildPhase section */

/* Begin PBXSourcesBuildPhase section */
		AD1ABAAA2831907B00B3E448 /* Sources */ = {
			isa = PBXSourcesBuildPhase;
			buildActionMask = 2147483647;
			files = (
				C0BAA56A2ACF0D9F00CD9389 /* NetworkRoutingProtocol.swift in Sources */,
				AD5EE5DE284D7887003966EF /* UIColor+Extensions.swift in Sources */,
				AD7AFA552836189F00399704 /* Array+Extensions.swift in Sources */,
				C08D25542A9A697800578E6E /* QuizQuestion.swift in Sources */,
				C0D433092AA1E1D4002B1AFF /* NetworkClient.swift in Sources */,
				C08D25582A9B8C7C00578E6E /* QuestionFactoryDelegate.swift in Sources */,
				C08D25562A9B7D2700578E6E /* QuestionFactoryProtocol.swift in Sources */,
				C08D25522A9A695300578E6E /* QuizResultsViewModel.swift in Sources */,
				C0D4330B2AA1EE30002B1AFF /* MostPopularMovies.swift in Sources */,
				C0B351262A88F85E0061DD7C /* Settings.swift in Sources */,
				C0BAA57D2AD2948400CD9389 /* MovieQuizPresenter.swift in Sources */,
				C0769A522A9F6D9700CB8A9F /* DateFormatter+extension.swift in Sources */,
				C0B351282A8932EA0061DD7C /* UILabel+setLabel.swift in Sources */,
				C0769A502A9F3C0A00CB8A9F /* BestGame.swift in Sources */,
				C08D254D2A9A503900578E6E /* QuestionFactory.swift in Sources */,
				AD1ABAB62831907B00B3E448 /* MovieQuizViewController.swift in Sources */,
				AD77F5742857F8810062FB14 /* Date+Extensions.swift in Sources */,
				C08D255A2A9BC30D00578E6E /* AlertPresenter.swift in Sources */,
				AD1ABAB22831907B00B3E448 /* AppDelegate.swift in Sources */,
				C0769A4C2A9DBF7A00CB8A9F /* StatisticService.swift in Sources */,
				C0138CA02A978A1A00F5ACF0 /* UIImageView+setBorder.swift in Sources */,
				AD1ABAB42831907B00B3E448 /* SceneDelegate.swift in Sources */,
				C0B351242A88F7030061DD7C /* UIButton+setButton.swift in Sources */,
				C08D255C2A9BC33300578E6E /* AlertModel.swift in Sources */,
				C08D25502A9A692A00578E6E /* QuizStepViewModel.swift in Sources */,
				C0D4330D2AA1EFEA002B1AFF /* MoviesLoader.swift in Sources */,
			);
			runOnlyForDeploymentPostprocessing = 0;
		};
		C0456EFA2ACEF3F10034CD04 /* Sources */ = {
			isa = PBXSourcesBuildPhase;
			buildActionMask = 2147483647;
			files = (
				C0BAA5682ACF087A00CD9389 /* ArrayTests.swift in Sources */,
				C0BAA57F2AD2CA1400CD9389 /* MovieQuizPresenterTests.swift in Sources */,
				C0BAA56C2ACF108D00CD9389 /* MoviesLoaderTests.swift in Sources */,
			);
			runOnlyForDeploymentPostprocessing = 0;
		};
		C0BAA56D2AD1AF9D00CD9389 /* Sources */ = {
			isa = PBXSourcesBuildPhase;
			buildActionMask = 2147483647;
			files = (
				C0BAA5742AD1AF9D00CD9389 /* MovieQuizUITests.swift in Sources */,
			);
			runOnlyForDeploymentPostprocessing = 0;
		};
/* End PBXSourcesBuildPhase section */

/* Begin PBXTargetDependency section */
		C0456F032ACEF3F10034CD04 /* PBXTargetDependency */ = {
			isa = PBXTargetDependency;
			target = AD1ABAAD2831907B00B3E448 /* MovieQuiz */;
			targetProxy = C0456F022ACEF3F10034CD04 /* PBXContainerItemProxy */;
		};
		C0BAA5782AD1AF9D00CD9389 /* PBXTargetDependency */ = {
			isa = PBXTargetDependency;
			target = AD1ABAAD2831907B00B3E448 /* MovieQuiz */;
			targetProxy = C0BAA5772AD1AF9D00CD9389 /* PBXContainerItemProxy */;
		};
/* End PBXTargetDependency section */

/* Begin PBXVariantGroup section */
		AD1ABAB72831907B00B3E448 /* Main.storyboard */ = {
			isa = PBXVariantGroup;
			children = (
				AD1ABAB82831907B00B3E448 /* Base */,
			);
			name = Main.storyboard;
			sourceTree = "<group>";
		};
		AD1ABABC2831907F00B3E448 /* LaunchScreen.storyboard */ = {
			isa = PBXVariantGroup;
			children = (
				AD1ABABD2831907F00B3E448 /* Base */,
			);
			name = LaunchScreen.storyboard;
			sourceTree = "<group>";
		};
/* End PBXVariantGroup section */

/* Begin XCBuildConfiguration section */
		AD1ABAC02831907F00B3E448 /* Debug */ = {
			isa = XCBuildConfiguration;
			buildSettings = {
				ALWAYS_SEARCH_USER_PATHS = NO;
				CLANG_ANALYZER_NONNULL = YES;
				CLANG_ANALYZER_NUMBER_OBJECT_CONVERSION = YES_AGGRESSIVE;
				CLANG_CXX_LANGUAGE_STANDARD = "gnu++17";
				CLANG_ENABLE_MODULES = YES;
				CLANG_ENABLE_OBJC_ARC = YES;
				CLANG_ENABLE_OBJC_WEAK = YES;
				CLANG_WARN_BLOCK_CAPTURE_AUTORELEASING = YES;
				CLANG_WARN_BOOL_CONVERSION = YES;
				CLANG_WARN_COMMA = YES;
				CLANG_WARN_CONSTANT_CONVERSION = YES;
				CLANG_WARN_DEPRECATED_OBJC_IMPLEMENTATIONS = YES;
				CLANG_WARN_DIRECT_OBJC_ISA_USAGE = YES_ERROR;
				CLANG_WARN_DOCUMENTATION_COMMENTS = YES;
				CLANG_WARN_EMPTY_BODY = YES;
				CLANG_WARN_ENUM_CONVERSION = YES;
				CLANG_WARN_INFINITE_RECURSION = YES;
				CLANG_WARN_INT_CONVERSION = YES;
				CLANG_WARN_NON_LITERAL_NULL_CONVERSION = YES;
				CLANG_WARN_OBJC_IMPLICIT_RETAIN_SELF = YES;
				CLANG_WARN_OBJC_LITERAL_CONVERSION = YES;
				CLANG_WARN_OBJC_ROOT_CLASS = YES_ERROR;
				CLANG_WARN_QUOTED_INCLUDE_IN_FRAMEWORK_HEADER = YES;
				CLANG_WARN_RANGE_LOOP_ANALYSIS = YES;
				CLANG_WARN_STRICT_PROTOTYPES = YES;
				CLANG_WARN_SUSPICIOUS_MOVE = YES;
				CLANG_WARN_UNGUARDED_AVAILABILITY = YES_AGGRESSIVE;
				CLANG_WARN_UNREACHABLE_CODE = YES;
				CLANG_WARN__DUPLICATE_METHOD_MATCH = YES;
				COPY_PHASE_STRIP = NO;
				DEBUG_INFORMATION_FORMAT = dwarf;
				ENABLE_STRICT_OBJC_MSGSEND = YES;
				ENABLE_TESTABILITY = YES;
				GCC_C_LANGUAGE_STANDARD = gnu11;
				GCC_DYNAMIC_NO_PIC = NO;
				GCC_NO_COMMON_BLOCKS = YES;
				GCC_OPTIMIZATION_LEVEL = 0;
				GCC_PREPROCESSOR_DEFINITIONS = (
					"DEBUG=1",
					"$(inherited)",
				);
				GCC_WARN_64_TO_32_BIT_CONVERSION = YES;
				GCC_WARN_ABOUT_RETURN_TYPE = YES_ERROR;
				GCC_WARN_UNDECLARED_SELECTOR = YES;
				GCC_WARN_UNINITIALIZED_AUTOS = YES_AGGRESSIVE;
				GCC_WARN_UNUSED_FUNCTION = YES;
				GCC_WARN_UNUSED_VARIABLE = YES;
				IPHONEOS_DEPLOYMENT_TARGET = 15.4;
				MTL_ENABLE_DEBUG_INFO = INCLUDE_SOURCE;
				MTL_FAST_MATH = YES;
				ONLY_ACTIVE_ARCH = YES;
				SDKROOT = iphoneos;
				SWIFT_ACTIVE_COMPILATION_CONDITIONS = DEBUG;
				SWIFT_OPTIMIZATION_LEVEL = "-Onone";
			};
			name = Debug;
		};
		AD1ABAC12831907F00B3E448 /* Release */ = {
			isa = XCBuildConfiguration;
			buildSettings = {
				ALWAYS_SEARCH_USER_PATHS = NO;
				CLANG_ANALYZER_NONNULL = YES;
				CLANG_ANALYZER_NUMBER_OBJECT_CONVERSION = YES_AGGRESSIVE;
				CLANG_CXX_LANGUAGE_STANDARD = "gnu++17";
				CLANG_ENABLE_MODULES = YES;
				CLANG_ENABLE_OBJC_ARC = YES;
				CLANG_ENABLE_OBJC_WEAK = YES;
				CLANG_WARN_BLOCK_CAPTURE_AUTORELEASING = YES;
				CLANG_WARN_BOOL_CONVERSION = YES;
				CLANG_WARN_COMMA = YES;
				CLANG_WARN_CONSTANT_CONVERSION = YES;
				CLANG_WARN_DEPRECATED_OBJC_IMPLEMENTATIONS = YES;
				CLANG_WARN_DIRECT_OBJC_ISA_USAGE = YES_ERROR;
				CLANG_WARN_DOCUMENTATION_COMMENTS = YES;
				CLANG_WARN_EMPTY_BODY = YES;
				CLANG_WARN_ENUM_CONVERSION = YES;
				CLANG_WARN_INFINITE_RECURSION = YES;
				CLANG_WARN_INT_CONVERSION = YES;
				CLANG_WARN_NON_LITERAL_NULL_CONVERSION = YES;
				CLANG_WARN_OBJC_IMPLICIT_RETAIN_SELF = YES;
				CLANG_WARN_OBJC_LITERAL_CONVERSION = YES;
				CLANG_WARN_OBJC_ROOT_CLASS = YES_ERROR;
				CLANG_WARN_QUOTED_INCLUDE_IN_FRAMEWORK_HEADER = YES;
				CLANG_WARN_RANGE_LOOP_ANALYSIS = YES;
				CLANG_WARN_STRICT_PROTOTYPES = YES;
				CLANG_WARN_SUSPICIOUS_MOVE = YES;
				CLANG_WARN_UNGUARDED_AVAILABILITY = YES_AGGRESSIVE;
				CLANG_WARN_UNREACHABLE_CODE = YES;
				CLANG_WARN__DUPLICATE_METHOD_MATCH = YES;
				COPY_PHASE_STRIP = NO;
				DEBUG_INFORMATION_FORMAT = "dwarf-with-dsym";
				ENABLE_NS_ASSERTIONS = NO;
				ENABLE_STRICT_OBJC_MSGSEND = YES;
				GCC_C_LANGUAGE_STANDARD = gnu11;
				GCC_NO_COMMON_BLOCKS = YES;
				GCC_WARN_64_TO_32_BIT_CONVERSION = YES;
				GCC_WARN_ABOUT_RETURN_TYPE = YES_ERROR;
				GCC_WARN_UNDECLARED_SELECTOR = YES;
				GCC_WARN_UNINITIALIZED_AUTOS = YES_AGGRESSIVE;
				GCC_WARN_UNUSED_FUNCTION = YES;
				GCC_WARN_UNUSED_VARIABLE = YES;
				IPHONEOS_DEPLOYMENT_TARGET = 15.4;
				MTL_ENABLE_DEBUG_INFO = NO;
				MTL_FAST_MATH = YES;
				SDKROOT = iphoneos;
				SWIFT_COMPILATION_MODE = wholemodule;
				SWIFT_OPTIMIZATION_LEVEL = "-O";
				VALIDATE_PRODUCT = YES;
			};
			name = Release;
		};
		AD1ABAC32831907F00B3E448 /* Debug */ = {
			isa = XCBuildConfiguration;
			buildSettings = {
				ASSETCATALOG_COMPILER_APPICON_NAME = AppIcon;
				CODE_SIGN_STYLE = Automatic;
				CURRENT_PROJECT_VERSION = 1;
				DEVELOPMENT_TEAM = N29P9VDV4Y;
				GENERATE_INFOPLIST_FILE = YES;
				INFOPLIST_FILE = MovieQuiz/Resources/Info.plist;
				INFOPLIST_KEY_UIApplicationSupportsIndirectInputEvents = YES;
				INFOPLIST_KEY_UILaunchStoryboardName = LaunchScreen;
				INFOPLIST_KEY_UIMainStoryboardFile = Main;
				INFOPLIST_KEY_UIStatusBarHidden = YES;
				INFOPLIST_KEY_UISupportedInterfaceOrientations = UIInterfaceOrientationPortrait;
				INFOPLIST_KEY_UISupportedInterfaceOrientations_iPad = "UIInterfaceOrientationPortrait UIInterfaceOrientationPortraitUpsideDown UIInterfaceOrientationLandscapeLeft UIInterfaceOrientationLandscapeRight";
				INFOPLIST_KEY_UISupportedInterfaceOrientations_iPhone = "UIInterfaceOrientationPortrait UIInterfaceOrientationLandscapeLeft UIInterfaceOrientationLandscapeRight";
				IPHONEOS_DEPLOYMENT_TARGET = 13.0;
				LD_RUNPATH_SEARCH_PATHS = (
					"$(inherited)",
					"@executable_path/Frameworks",
				);
				MARKETING_VERSION = 1.0;
				PRODUCT_BUNDLE_IDENTIFIER = ru.yandex.practicum.MovieQuiz;
				PRODUCT_NAME = "$(TARGET_NAME)";
				SWIFT_EMIT_LOC_STRINGS = YES;
				SWIFT_VERSION = 5.0;
				TARGETED_DEVICE_FAMILY = 1;
			};
			name = Debug;
		};
		AD1ABAC42831907F00B3E448 /* Release */ = {
			isa = XCBuildConfiguration;
			buildSettings = {
				ASSETCATALOG_COMPILER_APPICON_NAME = AppIcon;
				CODE_SIGN_STYLE = Automatic;
				CURRENT_PROJECT_VERSION = 1;
				DEVELOPMENT_TEAM = N29P9VDV4Y;
				GENERATE_INFOPLIST_FILE = YES;
				INFOPLIST_FILE = MovieQuiz/Resources/Info.plist;
				INFOPLIST_KEY_UIApplicationSupportsIndirectInputEvents = YES;
				INFOPLIST_KEY_UILaunchStoryboardName = LaunchScreen;
				INFOPLIST_KEY_UIMainStoryboardFile = Main;
				INFOPLIST_KEY_UIStatusBarHidden = YES;
				INFOPLIST_KEY_UISupportedInterfaceOrientations = UIInterfaceOrientationPortrait;
				INFOPLIST_KEY_UISupportedInterfaceOrientations_iPad = "UIInterfaceOrientationPortrait UIInterfaceOrientationPortraitUpsideDown UIInterfaceOrientationLandscapeLeft UIInterfaceOrientationLandscapeRight";
				INFOPLIST_KEY_UISupportedInterfaceOrientations_iPhone = "UIInterfaceOrientationPortrait UIInterfaceOrientationLandscapeLeft UIInterfaceOrientationLandscapeRight";
				IPHONEOS_DEPLOYMENT_TARGET = 13.0;
				LD_RUNPATH_SEARCH_PATHS = (
					"$(inherited)",
					"@executable_path/Frameworks",
				);
				MARKETING_VERSION = 1.0;
				PRODUCT_BUNDLE_IDENTIFIER = ru.yandex.practicum.MovieQuiz;
				PRODUCT_NAME = "$(TARGET_NAME)";
				SWIFT_EMIT_LOC_STRINGS = YES;
				SWIFT_VERSION = 5.0;
				TARGETED_DEVICE_FAMILY = 1;
			};
			name = Release;
		};
		C0456F052ACEF3F10034CD04 /* Debug */ = {
			isa = XCBuildConfiguration;
			buildSettings = {
				BUNDLE_LOADER = "$(TEST_HOST)";
				CLANG_CXX_LANGUAGE_STANDARD = "gnu++20";
				CLANG_ENABLE_MODULES = YES;
				CODE_SIGN_STYLE = Automatic;
				CURRENT_PROJECT_VERSION = 1;
				DEVELOPMENT_TEAM = V25Z4L75L4;
				GENERATE_INFOPLIST_FILE = YES;
				IPHONEOS_DEPLOYMENT_TARGET = 16.4;
				MARKETING_VERSION = 1.0;
				PRODUCT_BUNDLE_IDENTIFIER = az.MovieQuizTests;
				PRODUCT_NAME = "$(TARGET_NAME)";
				SWIFT_EMIT_LOC_STRINGS = NO;
				SWIFT_OPTIMIZATION_LEVEL = "-Onone";
				SWIFT_VERSION = 5.0;
				TARGETED_DEVICE_FAMILY = "1,2";
				TEST_HOST = "$(BUILT_PRODUCTS_DIR)/MovieQuiz.app/$(BUNDLE_EXECUTABLE_FOLDER_PATH)/MovieQuiz";
			};
			name = Debug;
		};
		C0456F062ACEF3F10034CD04 /* Release */ = {
			isa = XCBuildConfiguration;
			buildSettings = {
				BUNDLE_LOADER = "$(TEST_HOST)";
				CLANG_CXX_LANGUAGE_STANDARD = "gnu++20";
				CLANG_ENABLE_MODULES = YES;
				CODE_SIGN_STYLE = Automatic;
				CURRENT_PROJECT_VERSION = 1;
				DEVELOPMENT_TEAM = V25Z4L75L4;
				GENERATE_INFOPLIST_FILE = YES;
				IPHONEOS_DEPLOYMENT_TARGET = 16.4;
				MARKETING_VERSION = 1.0;
				PRODUCT_BUNDLE_IDENTIFIER = az.MovieQuizTests;
				PRODUCT_NAME = "$(TARGET_NAME)";
				SWIFT_EMIT_LOC_STRINGS = NO;
				SWIFT_VERSION = 5.0;
				TARGETED_DEVICE_FAMILY = "1,2";
				TEST_HOST = "$(BUILT_PRODUCTS_DIR)/MovieQuiz.app/$(BUNDLE_EXECUTABLE_FOLDER_PATH)/MovieQuiz";
			};
			name = Release;
		};
		C0BAA57A2AD1AF9D00CD9389 /* Debug */ = {
			isa = XCBuildConfiguration;
			buildSettings = {
				CLANG_CXX_LANGUAGE_STANDARD = "gnu++20";
				CODE_SIGN_STYLE = Automatic;
				CURRENT_PROJECT_VERSION = 1;
				DEVELOPMENT_TEAM = V25Z4L75L4;
				GENERATE_INFOPLIST_FILE = YES;
				IPHONEOS_DEPLOYMENT_TARGET = 16.4;
				MARKETING_VERSION = 1.0;
				PRODUCT_BUNDLE_IDENTIFIER = az.MovieQuizUITests;
				PRODUCT_NAME = "$(TARGET_NAME)";
				SWIFT_EMIT_LOC_STRINGS = NO;
				SWIFT_VERSION = 5.0;
				TARGETED_DEVICE_FAMILY = "1,2";
				TEST_TARGET_NAME = MovieQuiz;
			};
			name = Debug;
		};
		C0BAA57B2AD1AF9D00CD9389 /* Release */ = {
			isa = XCBuildConfiguration;
			buildSettings = {
				CLANG_CXX_LANGUAGE_STANDARD = "gnu++20";
				CODE_SIGN_STYLE = Automatic;
				CURRENT_PROJECT_VERSION = 1;
				DEVELOPMENT_TEAM = V25Z4L75L4;
				GENERATE_INFOPLIST_FILE = YES;
				IPHONEOS_DEPLOYMENT_TARGET = 16.4;
				MARKETING_VERSION = 1.0;
				PRODUCT_BUNDLE_IDENTIFIER = az.MovieQuizUITests;
				PRODUCT_NAME = "$(TARGET_NAME)";
				SWIFT_EMIT_LOC_STRINGS = NO;
				SWIFT_VERSION = 5.0;
				TARGETED_DEVICE_FAMILY = "1,2";
				TEST_TARGET_NAME = MovieQuiz;
			};
			name = Release;
		};
/* End XCBuildConfiguration section */

/* Begin XCConfigurationList section */
		AD1ABAA92831907B00B3E448 /* Build configuration list for PBXProject "MovieQuiz" */ = {
			isa = XCConfigurationList;
			buildConfigurations = (
				AD1ABAC02831907F00B3E448 /* Debug */,
				AD1ABAC12831907F00B3E448 /* Release */,
			);
			defaultConfigurationIsVisible = 0;
			defaultConfigurationName = Release;
		};
		AD1ABAC22831907F00B3E448 /* Build configuration list for PBXNativeTarget "MovieQuiz" */ = {
			isa = XCConfigurationList;
			buildConfigurations = (
				AD1ABAC32831907F00B3E448 /* Debug */,
				AD1ABAC42831907F00B3E448 /* Release */,
			);
			defaultConfigurationIsVisible = 0;
			defaultConfigurationName = Release;
		};
		C0456F042ACEF3F10034CD04 /* Build configuration list for PBXNativeTarget "MovieQuizTests" */ = {
			isa = XCConfigurationList;
			buildConfigurations = (
				C0456F052ACEF3F10034CD04 /* Debug */,
				C0456F062ACEF3F10034CD04 /* Release */,
			);
			defaultConfigurationIsVisible = 0;
			defaultConfigurationName = Release;
		};
		C0BAA5792AD1AF9D00CD9389 /* Build configuration list for PBXNativeTarget "MovieQuizUITests" */ = {
			isa = XCConfigurationList;
			buildConfigurations = (
				C0BAA57A2AD1AF9D00CD9389 /* Debug */,
				C0BAA57B2AD1AF9D00CD9389 /* Release */,
			);
			defaultConfigurationIsVisible = 0;
			defaultConfigurationName = Release;
		};
/* End XCConfigurationList section */
	};
	rootObject = AD1ABAA62831907B00B3E448 /* Project object */;
}
